
Microsoft Visual Studio Solution File, Format Version 12.00
# Visual Studio 15
Project("{FAE04EC0-301F-11D3-BF4B-00C04F79EFBC}") = "SQLProject", "SQLProject\SQLProject.csproj", "{429648BB-0088-4AB9-890C-57CC4B54403B}"
EndProject
Global
	GlobalSection(SolutionConfigurationPlatforms) = preSolution
		Debug|Any CPU = Debug|Any CPU
		Release|Any CPU = Release|Any CPU
	EndGlobalSection
	GlobalSection(ProjectConfigurationPlatforms) = postSolution
		{429648BB-0088-4AB9-890C-57CC4B54403B}.Debug|Any CPU.ActiveCfg = Debug|Any CPU
		{429648BB-0088-4AB9-890C-57CC4B54403B}.Debug|Any CPU.Build.0 = Debug|Any CPU
		{429648BB-0088-4AB9-890C-57CC4B54403B}.Release|Any CPU.ActiveCfg = Release|Any CPU
		{429648BB-0088-4AB9-890C-57CC4B54403B}.Release|Any CPU.Build.0 = Release|Any CPU
	EndGlobalSection
EndGlobal
